
Microsoft Visual Studio Solution File, Format Version 12.00
# Visual Studio Version 17
VisualStudioVersion = 17.9.34723.18
MinimumVisualStudioVersion = 10.0.40219.1
Project("{FAE04EC0-301F-11D3-BF4B-00C04F79EFBC}") = "AnimalShelterAPI", "AnimalShelterAPI\AnimalShelterAPI.csproj", "{CAE5562B-F142-4C43-B255-3F06C619068F}"
EndProject
Global
	GlobalSection(SolutionConfigurationPlatforms) = preSolution
		Debug|Any CPU = Debug|Any CPU
		Release|Any CPU = Release|Any CPU
	EndGlobalSection
	GlobalSection(ProjectConfigurationPlatforms) = postSolution
		{CAE5562B-F142-4C43-B255-3F06C619068F}.Debug|Any CPU.ActiveCfg = Debug|Any CPU
		{CAE5562B-F142-4C43-B255-3F06C619068F}.Debug|Any CPU.Build.0 = Debug|Any CPU
		{CAE5562B-F142-4C43-B255-3F06C619068F}.Release|Any CPU.ActiveCfg = Release|Any CPU
		{CAE5562B-F142-4C43-B255-3F06C619068F}.Release|Any CPU.Build.0 = Release|Any CPU
	EndGlobalSection
	GlobalSection(SolutionProperties) = preSolution
		HideSolutionNode = FALSE
	EndGlobalSection
	GlobalSection(ExtensibilityGlobals) = postSolution
		SolutionGuid = {A91A8DC3-A020-4DE8-BD7E-0E87E1354D48}
	EndGlobalSection
EndGlobal
